
Microsoft Visual Studio Solution File, Format Version 12.00
# Visual Studio Version 17
VisualStudioVersion = 17.11.35312.102
MinimumVisualStudioVersion = 10.0.40219.1
Project("{FAE04EC0-301F-11D3-BF4B-00C04F79EFBC}") = "DashboardWPF", "DashboardWPF\DashboardWPF.csproj", "{B83638BC-AF66-44C7-B677-839FD1DE9FCD}"
EndProject
Global
	GlobalSection(SolutionConfigurationPlatforms) = preSolution
		Debug|Any CPU = Debug|Any CPU
		Release|Any CPU = Release|Any CPU
	EndGlobalSection
	GlobalSection(ProjectConfigurationPlatforms) = postSolution
		{B83638BC-AF66-44C7-B677-839FD1DE9FCD}.Debug|Any CPU.ActiveCfg = Debug|Any CPU
		{B83638BC-AF66-44C7-B677-839FD1DE9FCD}.Debug|Any CPU.Build.0 = Debug|Any CPU
		{B83638BC-AF66-44C7-B677-839FD1DE9FCD}.Release|Any CPU.ActiveCfg = Release|Any CPU
		{B83638BC-AF66-44C7-B677-839FD1DE9FCD}.Release|Any CPU.Build.0 = Release|Any CPU
	EndGlobalSection
	GlobalSection(SolutionProperties) = preSolution
		HideSolutionNode = FALSE
	EndGlobalSection
	GlobalSection(ExtensibilityGlobals) = postSolution
		SolutionGuid = {8F8E1A58-F65B-40F4-BA96-77128CE9125C}
	EndGlobalSection
EndGlobal
