
Microsoft Visual Studio Solution File, Format Version 12.00
# Visual Studio Version 17
VisualStudioVersion = 17.11.35312.102
MinimumVisualStudioVersion = 10.0.40219.1
Project("{2150E333-8FDC-42A3-9474-1A3956D46DE8}") = "1. API Gateway", "1. API Gateway", "{3A667D31-5D1A-4180-A9FF-79411C1D1B9D}"
EndProject
Project("{2150E333-8FDC-42A3-9474-1A3956D46DE8}") = "3. BusinessObject", "3. BusinessObject", "{888FF0B6-E00B-4CB0-88CF-EB8D073D79B6}"
EndProject
Project("{9A19103F-16F7-4668-BE54-9A1E7A4F7556}") = "BusinessObject", "BusinessObject\BusinessObject.csproj", "{2F5A60D4-A0E2-4B5F-91AE-9E697A3C8BD0}"
EndProject
Project("{2150E333-8FDC-42A3-9474-1A3956D46DE8}") = "2.API Service", "2.API Service", "{1970B6F4-CB0B-433E-A8A2-ACBEE0C159C1}"
EndProject
Project("{2150E333-8FDC-42A3-9474-1A3956D46DE8}") = "4. Data Access", "4. Data Access", "{E94D8953-7A1F-4E54-B56F-5EB8A8F7FF06}"
EndProject
Project("{9A19103F-16F7-4668-BE54-9A1E7A4F7556}") = "DataAccess", "DataAccess\DataAccess.csproj", "{558F7B0A-2E0B-42C9-8DCC-17BC8DFF3576}"
EndProject
Project("{2150E333-8FDC-42A3-9474-1A3956D46DE8}") = "5. Web Client", "5. Web Client", "{3E1EBD7E-9757-4408-BE92-9861B074ABD3}"
EndProject
Project("{9A19103F-16F7-4668-BE54-9A1E7A4F7556}") = "WebClient", "WebClient\WebClient.csproj", "{0F2FF923-B71D-4831-A6BB-A0A98906302A}"
EndProject
Project("{2150E333-8FDC-42A3-9474-1A3956D46DE8}") = "6. WPF Dashboard", "6. WPF Dashboard", "{F95B0C9F-19A6-4AA4-A28E-A6C0A49341C2}"
EndProject
Project("{9A19103F-16F7-4668-BE54-9A1E7A4F7556}") = "DashboardAdmin", "DashboardAdmin\DashboardAdmin.csproj", "{4A1E96C0-B56A-4ADB-9A2C-F589703D9BB9}"
EndProject
Project("{2150E333-8FDC-42A3-9474-1A3956D46DE8}") = "7. Unit Test", "7. Unit Test", "{EF8DE53E-7692-40B1-9D47-604AC834F161}"
EndProject
Project("{9A19103F-16F7-4668-BE54-9A1E7A4F7556}") = "APIGateway", "APIGateway\APIGateway.csproj", "{3F05681D-2C2E-46FD-BB4C-22B981FD15DE}"
EndProject
Project("{9A19103F-16F7-4668-BE54-9A1E7A4F7556}") = "ManagerService", "ManagerService\ManagerService.csproj", "{2F951A86-A193-4BEB-9F01-257F622780CF}"
EndProject
Project("{9A19103F-16F7-4668-BE54-9A1E7A4F7556}") = "ProductService", "ProductService\ProductService.csproj", "{D6E907FB-8C2F-41EB-9FE2-806D8D0768B7}"
EndProject
Project("{9A19103F-16F7-4668-BE54-9A1E7A4F7556}") = "CustomerService", "CustomerService\CustomerService.csproj", "{69E90557-06B6-4564-A648-E44E041717A8}"
EndProject
Project("{9A19103F-16F7-4668-BE54-9A1E7A4F7556}") = "CartService", "CartService\CartService.csproj", "{7CBDDA6C-097D-4410-A524-C6D20FD4227D}"
EndProject
Project("{9A19103F-16F7-4668-BE54-9A1E7A4F7556}") = "OrderService", "OrderService\OrderService.csproj", "{1B273D6A-B5F6-45DE-96FD-113486875CFB}"
EndProject
Project("{9A19103F-16F7-4668-BE54-9A1E7A4F7556}") = "ImportProductService", "ImportProductService\ImportProductService.csproj", "{FD638AF5-7421-4340-A177-24AB9F6240AD}"
EndProject
Project("{9A19103F-16F7-4668-BE54-9A1E7A4F7556}") = "Test_Manager", "Test_Manager\Test_Manager.csproj", "{50944DFE-6D0B-4440-ABE2-78009782E4D6}"
EndProject
Global
	GlobalSection(SolutionConfigurationPlatforms) = preSolution
		Debug|Any CPU = Debug|Any CPU
		Release|Any CPU = Release|Any CPU
	EndGlobalSection
	GlobalSection(ProjectConfigurationPlatforms) = postSolution
		{2F5A60D4-A0E2-4B5F-91AE-9E697A3C8BD0}.Debug|Any CPU.ActiveCfg = Debug|Any CPU
		{2F5A60D4-A0E2-4B5F-91AE-9E697A3C8BD0}.Debug|Any CPU.Build.0 = Debug|Any CPU
		{2F5A60D4-A0E2-4B5F-91AE-9E697A3C8BD0}.Release|Any CPU.ActiveCfg = Release|Any CPU
		{2F5A60D4-A0E2-4B5F-91AE-9E697A3C8BD0}.Release|Any CPU.Build.0 = Release|Any CPU
		{558F7B0A-2E0B-42C9-8DCC-17BC8DFF3576}.Debug|Any CPU.ActiveCfg = Debug|Any CPU
		{558F7B0A-2E0B-42C9-8DCC-17BC8DFF3576}.Debug|Any CPU.Build.0 = Debug|Any CPU
		{558F7B0A-2E0B-42C9-8DCC-17BC8DFF3576}.Release|Any CPU.ActiveCfg = Release|Any CPU
		{558F7B0A-2E0B-42C9-8DCC-17BC8DFF3576}.Release|Any CPU.Build.0 = Release|Any CPU
		{0F2FF923-B71D-4831-A6BB-A0A98906302A}.Debug|Any CPU.ActiveCfg = Debug|Any CPU
		{0F2FF923-B71D-4831-A6BB-A0A98906302A}.Debug|Any CPU.Build.0 = Debug|Any CPU
		{0F2FF923-B71D-4831-A6BB-A0A98906302A}.Release|Any CPU.ActiveCfg = Release|Any CPU
		{0F2FF923-B71D-4831-A6BB-A0A98906302A}.Release|Any CPU.Build.0 = Release|Any CPU
		{4A1E96C0-B56A-4ADB-9A2C-F589703D9BB9}.Debug|Any CPU.ActiveCfg = Debug|Any CPU
		{4A1E96C0-B56A-4ADB-9A2C-F589703D9BB9}.Debug|Any CPU.Build.0 = Debug|Any CPU
		{4A1E96C0-B56A-4ADB-9A2C-F589703D9BB9}.Release|Any CPU.ActiveCfg = Release|Any CPU
		{4A1E96C0-B56A-4ADB-9A2C-F589703D9BB9}.Release|Any CPU.Build.0 = Release|Any CPU
		{3F05681D-2C2E-46FD-BB4C-22B981FD15DE}.Debug|Any CPU.ActiveCfg = Debug|Any CPU
		{3F05681D-2C2E-46FD-BB4C-22B981FD15DE}.Debug|Any CPU.Build.0 = Debug|Any CPU
		{3F05681D-2C2E-46FD-BB4C-22B981FD15DE}.Release|Any CPU.ActiveCfg = Release|Any CPU
		{3F05681D-2C2E-46FD-BB4C-22B981FD15DE}.Release|Any CPU.Build.0 = Release|Any CPU
		{2F951A86-A193-4BEB-9F01-257F622780CF}.Debug|Any CPU.ActiveCfg = Debug|Any CPU
		{2F951A86-A193-4BEB-9F01-257F622780CF}.Debug|Any CPU.Build.0 = Debug|Any CPU
		{2F951A86-A193-4BEB-9F01-257F622780CF}.Release|Any CPU.ActiveCfg = Release|Any CPU
		{2F951A86-A193-4BEB-9F01-257F622780CF}.Release|Any CPU.Build.0 = Release|Any CPU
		{D6E907FB-8C2F-41EB-9FE2-806D8D0768B7}.Debug|Any CPU.ActiveCfg = Debug|Any CPU
		{D6E907FB-8C2F-41EB-9FE2-806D8D0768B7}.Debug|Any CPU.Build.0 = Debug|Any CPU
		{D6E907FB-8C2F-41EB-9FE2-806D8D0768B7}.Release|Any CPU.ActiveCfg = Release|Any CPU
		{D6E907FB-8C2F-41EB-9FE2-806D8D0768B7}.Release|Any CPU.Build.0 = Release|Any CPU
		{69E90557-06B6-4564-A648-E44E041717A8}.Debug|Any CPU.ActiveCfg = Debug|Any CPU
		{69E90557-06B6-4564-A648-E44E041717A8}.Debug|Any CPU.Build.0 = Debug|Any CPU
		{69E90557-06B6-4564-A648-E44E041717A8}.Release|Any CPU.ActiveCfg = Release|Any CPU
		{69E90557-06B6-4564-A648-E44E041717A8}.Release|Any CPU.Build.0 = Release|Any CPU
		{7CBDDA6C-097D-4410-A524-C6D20FD4227D}.Debug|Any CPU.ActiveCfg = Debug|Any CPU
		{7CBDDA6C-097D-4410-A524-C6D20FD4227D}.Debug|Any CPU.Build.0 = Debug|Any CPU
		{7CBDDA6C-097D-4410-A524-C6D20FD4227D}.Release|Any CPU.ActiveCfg = Release|Any CPU
		{7CBDDA6C-097D-4410-A524-C6D20FD4227D}.Release|Any CPU.Build.0 = Release|Any CPU
		{1B273D6A-B5F6-45DE-96FD-113486875CFB}.Debug|Any CPU.ActiveCfg = Debug|Any CPU
		{1B273D6A-B5F6-45DE-96FD-113486875CFB}.Debug|Any CPU.Build.0 = Debug|Any CPU
		{1B273D6A-B5F6-45DE-96FD-113486875CFB}.Release|Any CPU.ActiveCfg = Release|Any CPU
		{1B273D6A-B5F6-45DE-96FD-113486875CFB}.Release|Any CPU.Build.0 = Release|Any CPU
		{FD638AF5-7421-4340-A177-24AB9F6240AD}.Debug|Any CPU.ActiveCfg = Debug|Any CPU
		{FD638AF5-7421-4340-A177-24AB9F6240AD}.Debug|Any CPU.Build.0 = Debug|Any CPU
		{FD638AF5-7421-4340-A177-24AB9F6240AD}.Release|Any CPU.ActiveCfg = Release|Any CPU
		{FD638AF5-7421-4340-A177-24AB9F6240AD}.Release|Any CPU.Build.0 = Release|Any CPU
		{50944DFE-6D0B-4440-ABE2-78009782E4D6}.Debug|Any CPU.ActiveCfg = Debug|Any CPU
		{50944DFE-6D0B-4440-ABE2-78009782E4D6}.Debug|Any CPU.Build.0 = Debug|Any CPU
		{50944DFE-6D0B-4440-ABE2-78009782E4D6}.Release|Any CPU.ActiveCfg = Release|Any CPU
		{50944DFE-6D0B-4440-ABE2-78009782E4D6}.Release|Any CPU.Build.0 = Release|Any CPU
	EndGlobalSection
	GlobalSection(SolutionProperties) = preSolution
		HideSolutionNode = FALSE
	EndGlobalSection
	GlobalSection(NestedProjects) = preSolution
		{2F5A60D4-A0E2-4B5F-91AE-9E697A3C8BD0} = {888FF0B6-E00B-4CB0-88CF-EB8D073D79B6}
		{558F7B0A-2E0B-42C9-8DCC-17BC8DFF3576} = {E94D8953-7A1F-4E54-B56F-5EB8A8F7FF06}
		{0F2FF923-B71D-4831-A6BB-A0A98906302A} = {3E1EBD7E-9757-4408-BE92-9861B074ABD3}
		{4A1E96C0-B56A-4ADB-9A2C-F589703D9BB9} = {F95B0C9F-19A6-4AA4-A28E-A6C0A49341C2}
		{3F05681D-2C2E-46FD-BB4C-22B981FD15DE} = {3A667D31-5D1A-4180-A9FF-79411C1D1B9D}
		{2F951A86-A193-4BEB-9F01-257F622780CF} = {1970B6F4-CB0B-433E-A8A2-ACBEE0C159C1}
		{D6E907FB-8C2F-41EB-9FE2-806D8D0768B7} = {1970B6F4-CB0B-433E-A8A2-ACBEE0C159C1}
		{69E90557-06B6-4564-A648-E44E041717A8} = {1970B6F4-CB0B-433E-A8A2-ACBEE0C159C1}
		{7CBDDA6C-097D-4410-A524-C6D20FD4227D} = {1970B6F4-CB0B-433E-A8A2-ACBEE0C159C1}
		{1B273D6A-B5F6-45DE-96FD-113486875CFB} = {1970B6F4-CB0B-433E-A8A2-ACBEE0C159C1}
		{FD638AF5-7421-4340-A177-24AB9F6240AD} = {1970B6F4-CB0B-433E-A8A2-ACBEE0C159C1}
		{50944DFE-6D0B-4440-ABE2-78009782E4D6} = {EF8DE53E-7692-40B1-9D47-604AC834F161}
	EndGlobalSection
	GlobalSection(ExtensibilityGlobals) = postSolution
		SolutionGuid = {8B224301-0B35-410E-8D1B-9D0B4C868A8A}
	EndGlobalSection
EndGlobal
