
Microsoft Visual Studio Solution File, Format Version 12.00
# Visual Studio Version 17
VisualStudioVersion = 17.11.35312.102
MinimumVisualStudioVersion = 10.0.40219.1
Project("{2150E333-8FDC-42A3-9474-1A3956D46DE8}") = "1. API Gateway", "1. API Gateway", "{3A667D31-5D1A-4180-A9FF-79411C1D1B9D}"
EndProject
Project("{2150E333-8FDC-42A3-9474-1A3956D46DE8}") = "5", "5", "{888FF0B6-E00B-4CB0-88CF-EB8D073D79B6}"
EndProject
Project("{9A19103F-16F7-4668-BE54-9A1E7A4F7556}") = "APIGateway", "APIGateway\APIGateway.csproj", "{3F05681D-2C2E-46FD-BB4C-22B981FD15DE}"
EndProject
Project("{2150E333-8FDC-42A3-9474-1A3956D46DE8}") = "2", "2", "{1970B6F4-CB0B-433E-A8A2-ACBEE0C159C1}"
EndProject
Project("{2150E333-8FDC-42A3-9474-1A3956D46DE8}") = "6", "6", "{E94D8953-7A1F-4E54-B56F-5EB8A8F7FF06}"
EndProject
Project("{2150E333-8FDC-42A3-9474-1A3956D46DE8}") = "3", "3", "{3E1EBD7E-9757-4408-BE92-9861B074ABD3}"
EndProject
Project("{2150E333-8FDC-42A3-9474-1A3956D46DE8}") = "4", "4", "{F95B0C9F-19A6-4AA4-A28E-A6C0A49341C2}"
EndProject
Project("{2150E333-8FDC-42A3-9474-1A3956D46DE8}") = "8", "8", "{EF8DE53E-7692-40B1-9D47-604AC834F161}"
EndProject
Project("{2150E333-8FDC-42A3-9474-1A3956D46DE8}") = "7", "7", "{2047F330-2B5D-416C-BF51-9D4AD858B6E9}"
EndProject
Project("{FAE04EC0-301F-11D3-BF4B-00C04F79EFBC}") = "Repository", "Repository\Repository.csproj", "{A343525B-8659-410F-8A4D-F2A89646B0D6}"
EndProject
Project("{2150E333-8FDC-42A3-9474-1A3956D46DE8}") = "7. Repository", "7. Repository", "{2047F330-2B5D-416C-BF51-9D4AD858B6E9}"
EndProject
Project("{FAE04EC0-301F-11D3-BF4B-00C04F79EFBC}") = "Repository", "Repository\Repository.csproj", "{A343525B-8659-410F-8A4D-F2A89646B0D6}"
EndProject
Global
	GlobalSection(SolutionConfigurationPlatforms) = preSolution
		Debug|Any CPU = Debug|Any CPU
		Release|Any CPU = Release|Any CPU
	EndGlobalSection
	GlobalSection(ProjectConfigurationPlatforms) = postSolution
		{A343525B-8659-410F-8A4D-F2A89646B0D6}.Debug|Any CPU.ActiveCfg = Debug|Any CPU
		{A343525B-8659-410F-8A4D-F2A89646B0D6}.Debug|Any CPU.Build.0 = Debug|Any CPU
		{A343525B-8659-410F-8A4D-F2A89646B0D6}.Release|Any CPU.ActiveCfg = Release|Any CPU
		{A343525B-8659-410F-8A4D-F2A89646B0D6}.Release|Any CPU.Build.0 = Release|Any CPU
		{A1C0BEDA-4F06-46D5-BE30-2A801E3A247C}.Debug|Any CPU.ActiveCfg = Debug|Any CPU
		{A1C0BEDA-4F06-46D5-BE30-2A801E3A247C}.Debug|Any CPU.Build.0 = Debug|Any CPU
		{A1C0BEDA-4F06-46D5-BE30-2A801E3A247C}.Release|Any CPU.ActiveCfg = Release|Any CPU
		{A1C0BEDA-4F06-46D5-BE30-2A801E3A247C}.Release|Any CPU.Build.0 = Release|Any CPU
		{A343525B-8659-410F-8A4D-F2A89646B0D6}.Debug|Any CPU.ActiveCfg = Debug|Any CPU
		{A343525B-8659-410F-8A4D-F2A89646B0D6}.Debug|Any CPU.Build.0 = Debug|Any CPU
		{A343525B-8659-410F-8A4D-F2A89646B0D6} = {2047F330-2B5D-416C-BF51-9D4AD858B6E9}
		{2F951A86-A193-4BEB-9F01-257F622780CF} = {1970B6F4-CB0B-433E-A8A2-ACBEE0C159C1}
		{D6E907FB-8C2F-41EB-9FE2-806D8D0768B7} = {1970B6F4-CB0B-433E-A8A2-ACBEE0C159C1}
		{69E90557-06B6-4564-A648-E44E041717A8} = {1970B6F4-CB0B-433E-A8A2-ACBEE0C159C1}
		{7CBDDA6C-097D-4410-A524-C6D20FD4227D} = {1970B6F4-CB0B-433E-A8A2-ACBEE0C159C1}
		{1B273D6A-B5F6-45DE-96FD-113486875CFB} = {1970B6F4-CB0B-433E-A8A2-ACBEE0C159C1}
		{FD638AF5-7421-4340-A177-24AB9F6240AD} = {1970B6F4-CB0B-433E-A8A2-ACBEE0C159C1}
		{7601DA8A-9627-4BD1-88A0-517A5EDE7D61} = {EF8DE53E-7692-40B1-9D47-604AC834F161}
		{A1C0BEDA-4F06-46D5-BE30-2A801E3A247C} = {EF8DE53E-7692-40B1-9D47-604AC834F161}
		{A343525B-8659-410F-8A4D-F2A89646B0D6} = {2047F330-2B5D-416C-BF51-9D4AD858B6E9}
	EndGlobalSection
	GlobalSection(ExtensibilityGlobals) = postSolution
		SolutionGuid = {8B224301-0B35-410E-8D1B-9D0B4C868A8A}
	EndGlobalSection
EndGlobal
