
Microsoft Visual Studio Solution File, Format Version 12.00
# Visual Studio Version 17
VisualStudioVersion = 17.11.35312.102
MinimumVisualStudioVersion = 10.0.40219.1
Project("{FAE04EC0-301F-11D3-BF4B-00C04F79EFBC}") = "WebClient", "WebClient\WebClient.csproj", "{0E583B37-D306-4493-8557-436F5F4009D6}"
EndProject
Global
	GlobalSection(SolutionConfigurationPlatforms) = preSolution
		Debug|Any CPU = Debug|Any CPU
		Release|Any CPU = Release|Any CPU
	EndGlobalSection
	GlobalSection(ProjectConfigurationPlatforms) = postSolution
		{0E583B37-D306-4493-8557-436F5F4009D6}.Debug|Any CPU.ActiveCfg = Debug|Any CPU
		{0E583B37-D306-4493-8557-436F5F4009D6}.Debug|Any CPU.Build.0 = Debug|Any CPU
		{0E583B37-D306-4493-8557-436F5F4009D6}.Release|Any CPU.ActiveCfg = Release|Any CPU
		{0E583B37-D306-4493-8557-436F5F4009D6}.Release|Any CPU.Build.0 = Release|Any CPU
	EndGlobalSection
	GlobalSection(SolutionProperties) = preSolution
		HideSolutionNode = FALSE
	EndGlobalSection
	GlobalSection(ExtensibilityGlobals) = postSolution
		SolutionGuid = {E7997719-039B-4EC2-8B0F-4B453E0AEC42}
	EndGlobalSection
EndGlobal
